// !$*UTF8*$!
{
	archiveVersion = 1;
	classes = {
	};
	objectVersion = 50;
	objects = {

/* Begin PBXBuildFile section */
		661998CB296B2619004B9182 /* set.hpp in Headers */ = {isa = PBXBuildFile; fileRef = 661998C9296B2619004B9182 /* set.hpp */; };
		666F42722962449F0019A52A /* main.cpp in Sources */ = {isa = PBXBuildFile; fileRef = 666F42712962449F0019A52A /* main.cpp */; settings = {COMPILER_FLAGS = "-Wall -Wextra -Werror -std=c++98"; }; };
		66B64D26297ABF9000AE6184 /* time_test.cpp in Sources */ = {isa = PBXBuildFile; fileRef = 66B64D1A297ABE6100AE6184 /* time_test.cpp */; settings = {COMPILER_FLAGS = "-Wall -Wextra -Werror -std=c++98"; }; };
		66C1D7AB2966374200D6FB37 /* map.hpp in Headers */ = {isa = PBXBuildFile; fileRef = A00C59E22958856500BA3926 /* map.hpp */; };
		66D2BA26297810B70058367F /* vector.hpp in Headers */ = {isa = PBXBuildFile; fileRef = 663F0719295B37DB0092C0FD /* vector.hpp */; };
		66D2BA27297810D00058367F /* vector_test.cpp in Sources */ = {isa = PBXBuildFile; fileRef = 66D2BA18297803C20058367F /* vector_test.cpp */; settings = {COMPILER_FLAGS = "-Wall -Wextra -Werror -std=c++98"; }; };
/* End PBXBuildFile section */

/* Begin PBXCopyFilesBuildPhase section */
		66B64D1D297ABF4400AE6184 /* CopyFiles */ = {
			isa = PBXCopyFilesBuildPhase;
			buildActionMask = 2147483647;
			dstPath = /usr/share/man/man1/;
			dstSubfolderSpec = 0;
			files = (
			);
			runOnlyForDeploymentPostprocessing = 1;
		};
		66D2BA1C297803EA0058367F /* CopyFiles */ = {
			isa = PBXCopyFilesBuildPhase;
			buildActionMask = 2147483647;
			dstPath = /usr/share/man/man1/;
			dstSubfolderSpec = 0;
			files = (
			);
			runOnlyForDeploymentPostprocessing = 1;
		};
		A05E19B5295880A40007B949 /* CopyFiles */ = {
			isa = PBXCopyFilesBuildPhase;
			buildActionMask = 2147483647;
			dstPath = /usr/share/man/man1/;
			dstSubfolderSpec = 0;
			files = (
			);
			runOnlyForDeploymentPostprocessing = 1;
		};
/* End PBXCopyFilesBuildPhase section */

/* Begin PBXFileReference section */
		660C5EA2296D8D6A006E0EA5 /* ft_containers */ = {isa = PBXFileReference; explicitFileType = "compiled.mach-o.executable"; includeInIndex = 0; path = ft_containers; sourceTree = BUILT_PRODUCTS_DIR; };
		661998C9296B2619004B9182 /* set.hpp */ = {isa = PBXFileReference; lastKnownFileType = sourcecode.cpp.h; path = set.hpp; sourceTree = "<group>"; };
		663F0719295B37DB0092C0FD /* vector.hpp */ = {isa = PBXFileReference; lastKnownFileType = sourcecode.cpp.h; path = vector.hpp; sourceTree = "<group>"; };
		6658008D297BFF9500C85779 /* Makefile */ = {isa = PBXFileReference; lastKnownFileType = sourcecode.make; path = Makefile; sourceTree = "<group>"; };
		6658008E297BFFA800C85779 /* README.md */ = {isa = PBXFileReference; lastKnownFileType = net.daringfireball.markdown; path = README.md; sourceTree = "<group>"; };
		666F42712962449F0019A52A /* main.cpp */ = {isa = PBXFileReference; fileEncoding = 4; lastKnownFileType = sourcecode.cpp.cpp; path = main.cpp; sourceTree = "<group>"; };
		666F4274296249A90019A52A /* stack.hpp */ = {isa = PBXFileReference; lastKnownFileType = sourcecode.cpp.h; path = stack.hpp; sourceTree = "<group>"; };
		66B64D1A297ABE6100AE6184 /* time_test.cpp */ = {isa = PBXFileReference; lastKnownFileType = sourcecode.cpp.cpp; path = time_test.cpp; sourceTree = "<group>"; };
		66B64D1F297ABF4400AE6184 /* time_test */ = {isa = PBXFileReference; explicitFileType = "compiled.mach-o.executable"; includeInIndex = 0; path = time_test; sourceTree = BUILT_PRODUCTS_DIR; };
		66D2BA18297803C20058367F /* vector_test.cpp */ = {isa = PBXFileReference; lastKnownFileType = sourcecode.cpp.cpp; path = vector_test.cpp; sourceTree = "<group>"; };
		66D2BA1E297803EA0058367F /* vector_test */ = {isa = PBXFileReference; explicitFileType = "compiled.mach-o.executable"; includeInIndex = 0; path = vector_test; sourceTree = BUILT_PRODUCTS_DIR; };
		A00C59D22958849600BA3926 /* iterators.hpp */ = {isa = PBXFileReference; fileEncoding = 4; lastKnownFileType = sourcecode.cpp.h; path = iterators.hpp; sourceTree = "<group>"; };
		A00C59D32958849600BA3926 /* util.hpp */ = {isa = PBXFileReference; fileEncoding = 4; lastKnownFileType = sourcecode.cpp.h; path = util.hpp; sourceTree = "<group>"; };
		A00C59D72958849600BA3926 /* RBTree.hpp */ = {isa = PBXFileReference; fileEncoding = 4; lastKnownFileType = sourcecode.cpp.h; path = RBTree.hpp; sourceTree = "<group>"; };
		A00C59E22958856500BA3926 /* map.hpp */ = {isa = PBXFileReference; fileEncoding = 4; lastKnownFileType = sourcecode.cpp.h; path = map.hpp; sourceTree = SOURCE_ROOT; };
/* End PBXFileReference section */

/* Begin PBXFrameworksBuildPhase section */
		66B64D1C297ABF4400AE6184 /* Frameworks */ = {
			isa = PBXFrameworksBuildPhase;
			buildActionMask = 2147483647;
			files = (
			);
			runOnlyForDeploymentPostprocessing = 0;
		};
		66D2BA1B297803EA0058367F /* Frameworks */ = {
			isa = PBXFrameworksBuildPhase;
			buildActionMask = 2147483647;
			files = (
			);
			runOnlyForDeploymentPostprocessing = 0;
		};
		A05E19B4295880A40007B949 /* Frameworks */ = {
			isa = PBXFrameworksBuildPhase;
			buildActionMask = 2147483647;
			files = (
			);
			runOnlyForDeploymentPostprocessing = 0;
		};
/* End PBXFrameworksBuildPhase section */

/* Begin PBXGroup section */
		66D2BA172978036A0058367F /* tests */ = {
			isa = PBXGroup;
			children = (
				66D2BA18297803C20058367F /* vector_test.cpp */,
				66B64D1A297ABE6100AE6184 /* time_test.cpp */,
			);
			path = tests;
			sourceTree = "<group>";
		};
		A00C59CD2958849600BA3926 /* utils */ = {
			isa = PBXGroup;
			children = (
				A00C59D22958849600BA3926 /* iterators.hpp */,
				A00C59D72958849600BA3926 /* RBTree.hpp */,
				A00C59D32958849600BA3926 /* util.hpp */,
			);
			path = utils;
			sourceTree = SOURCE_ROOT;
		};
		A05E19AE295880A40007B949 = {
			isa = PBXGroup;
			children = (
				660C5EA2296D8D6A006E0EA5 /* ft_containers */,
				6658008D297BFF9500C85779 /* Makefile */,
				66B64D1F297ABF4400AE6184 /* time_test */,
				66D2BA1E297803EA0058367F /* vector_test */,
				666F42712962449F0019A52A /* main.cpp */,
				A00C59E22958856500BA3926 /* map.hpp */,
				661998C9296B2619004B9182 /* set.hpp */,
				666F4274296249A90019A52A /* stack.hpp */,
				663F0719295B37DB0092C0FD /* vector.hpp */,
				6658008E297BFFA800C85779 /* README.md */,
				66D2BA172978036A0058367F /* tests */,
				A00C59CD2958849600BA3926 /* utils */,
			);
			sourceTree = "<group>";
		};
/* End PBXGroup section */

/* Begin PBXHeadersBuildPhase section */
		66D2BA25297810A90058367F /* Headers */ = {
			isa = PBXHeadersBuildPhase;
			buildActionMask = 2147483647;
			files = (
				66D2BA26297810B70058367F /* vector.hpp in Headers */,
			);
			runOnlyForDeploymentPostprocessing = 0;
		};
		A00C59CC2958825E00BA3926 /* Headers */ = {
			isa = PBXHeadersBuildPhase;
			buildActionMask = 2147483647;
			files = (
				66C1D7AB2966374200D6FB37 /* map.hpp in Headers */,
				661998CB296B2619004B9182 /* set.hpp in Headers */,
			);
			runOnlyForDeploymentPostprocessing = 0;
		};
/* End PBXHeadersBuildPhase section */

/* Begin PBXNativeTarget section */
		66B64D1E297ABF4400AE6184 /* time_test */ = {
			isa = PBXNativeTarget;
			buildConfigurationList = 66B64D23297ABF4400AE6184 /* Build configuration list for PBXNativeTarget "time_test" */;
			buildPhases = (
				66B64D1B297ABF4400AE6184 /* Sources */,
				66B64D1C297ABF4400AE6184 /* Frameworks */,
				66B64D1D297ABF4400AE6184 /* CopyFiles */,
			);
			buildRules = (
			);
			dependencies = (
			);
			name = time_test;
			productName = time_test;
			productReference = 66B64D1F297ABF4400AE6184 /* time_test */;
			productType = "com.apple.product-type.tool";
		};
		66D2BA1D297803EA0058367F /* vector_test */ = {
			isa = PBXNativeTarget;
			buildConfigurationList = 66D2BA22297803EA0058367F /* Build configuration list for PBXNativeTarget "vector_test" */;
			buildPhases = (
				66D2BA25297810A90058367F /* Headers */,
				66D2BA1A297803EA0058367F /* Sources */,
				66D2BA1B297803EA0058367F /* Frameworks */,
				66D2BA1C297803EA0058367F /* CopyFiles */,
			);
			buildRules = (
			);
			dependencies = (
			);
			name = vector_test;
			productName = vector_test;
			productReference = 66D2BA1E297803EA0058367F /* vector_test */;
			productType = "com.apple.product-type.tool";
		};
		A05E19B6295880A40007B949 /* ft_containers */ = {
			isa = PBXNativeTarget;
			buildConfigurationList = A05E19BE295880A40007B949 /* Build configuration list for PBXNativeTarget "ft_containers" */;
			buildPhases = (
				A00C59CC2958825E00BA3926 /* Headers */,
				A05E19B3295880A40007B949 /* Sources */,
				A05E19B4295880A40007B949 /* Frameworks */,
				A05E19B5295880A40007B949 /* CopyFiles */,
			);
			buildRules = (
			);
			dependencies = (
			);
			name = ft_containers;
			productName = ft_containers;
			productReference = 660C5EA2296D8D6A006E0EA5 /* ft_containers */;
			productType = "com.apple.product-type.tool";
		};
/* End PBXNativeTarget section */

/* Begin PBXProject section */
		A05E19AF295880A40007B949 /* Project object */ = {
			isa = PBXProject;
			attributes = {
				LastUpgradeCheck = 1240;
				TargetAttributes = {
					66B64D1E297ABF4400AE6184 = {
						CreatedOnToolsVersion = 14.0;
					};
					66D2BA1D297803EA0058367F = {
						CreatedOnToolsVersion = 14.0;
					};
					A05E19B6295880A40007B949 = {
						CreatedOnToolsVersion = 12.4;
					};
				};
			};
			buildConfigurationList = A05E19B2295880A40007B949 /* Build configuration list for PBXProject "ft_containers" */;
			compatibilityVersion = "Xcode 9.3";
			developmentRegion = en;
			hasScannedForEncodings = 0;
			knownRegions = (
				en,
				Base,
			);
			mainGroup = A05E19AE295880A40007B949;
			productRefGroup = A05E19AE295880A40007B949;
			projectDirPath = "";
			projectRoot = "";
			targets = (
				A05E19B6295880A40007B949 /* ft_containers */,
				66D2BA1D297803EA0058367F /* vector_test */,
				66B64D1E297ABF4400AE6184 /* time_test */,
			);
		};
/* End PBXProject section */

/* Begin PBXSourcesBuildPhase section */
		66B64D1B297ABF4400AE6184 /* Sources */ = {
			isa = PBXSourcesBuildPhase;
			buildActionMask = 2147483647;
			files = (
				66B64D26297ABF9000AE6184 /* time_test.cpp in Sources */,
			);
			runOnlyForDeploymentPostprocessing = 0;
		};
		66D2BA1A297803EA0058367F /* Sources */ = {
			isa = PBXSourcesBuildPhase;
			buildActionMask = 2147483647;
			files = (
				66D2BA27297810D00058367F /* vector_test.cpp in Sources */,
			);
			runOnlyForDeploymentPostprocessing = 0;
		};
		A05E19B3295880A40007B949 /* Sources */ = {
			isa = PBXSourcesBuildPhase;
			buildActionMask = 2147483647;
			files = (
				666F42722962449F0019A52A /* main.cpp in Sources */,
			);
			runOnlyForDeploymentPostprocessing = 0;
		};
/* End PBXSourcesBuildPhase section */

/* Begin XCBuildConfiguration section */
		66B64D24297ABF4400AE6184 /* Debug */ = {
			isa = XCBuildConfiguration;
			buildSettings = {
				CLANG_CXX_LANGUAGE_STANDARD = "gnu++20";
				CODE_SIGN_STYLE = Automatic;
				DEVELOPMENT_TEAM = 92PJT7J9M9;
				ENABLE_HARDENED_RUNTIME = YES;
				PRODUCT_NAME = "$(TARGET_NAME)";
			};
			name = Debug;
		};
		66B64D25297ABF4400AE6184 /* Release */ = {
			isa = XCBuildConfiguration;
			buildSettings = {
				CLANG_CXX_LANGUAGE_STANDARD = "gnu++20";
				CODE_SIGN_STYLE = Automatic;
				DEVELOPMENT_TEAM = 92PJT7J9M9;
				ENABLE_HARDENED_RUNTIME = YES;
				PRODUCT_NAME = "$(TARGET_NAME)";
			};
			name = Release;
		};
		66D2BA23297803EA0058367F /* Debug */ = {
			isa = XCBuildConfiguration;
			buildSettings = {
				CLANG_CXX_LANGUAGE_STANDARD = "gnu++20";
				CODE_SIGN_STYLE = Automatic;
				DEVELOPMENT_TEAM = 92PJT7J9M9;
				ENABLE_HARDENED_RUNTIME = YES;
				PRODUCT_NAME = "$(TARGET_NAME)";
			};
			name = Debug;
		};
		66D2BA24297803EA0058367F /* Release */ = {
			isa = XCBuildConfiguration;
			buildSettings = {
				CLANG_CXX_LANGUAGE_STANDARD = "gnu++20";
				CODE_SIGN_STYLE = Automatic;
				DEVELOPMENT_TEAM = 92PJT7J9M9;
				ENABLE_HARDENED_RUNTIME = YES;
				PRODUCT_NAME = "$(TARGET_NAME)";
			};
			name = Release;
		};
		A05E19BC295880A40007B949 /* Debug */ = {
			isa = XCBuildConfiguration;
			buildSettings = {
				ALWAYS_SEARCH_USER_PATHS = NO;
				CLANG_ANALYZER_NONNULL = YES;
				CLANG_ANALYZER_NUMBER_OBJECT_CONVERSION = YES_AGGRESSIVE;
				CLANG_CXX_LANGUAGE_STANDARD = "gnu++14";
				CLANG_CXX_LIBRARY = "libc++";
				CLANG_ENABLE_MODULES = YES;
				CLANG_ENABLE_OBJC_ARC = YES;
				CLANG_ENABLE_OBJC_WEAK = YES;
				CLANG_WARN_BLOCK_CAPTURE_AUTORELEASING = YES;
				CLANG_WARN_BOOL_CONVERSION = YES;
				CLANG_WARN_COMMA = YES;
				CLANG_WARN_CONSTANT_CONVERSION = YES;
				CLANG_WARN_DEPRECATED_OBJC_IMPLEMENTATIONS = YES;
				CLANG_WARN_DIRECT_OBJC_ISA_USAGE = YES_ERROR;
				CLANG_WARN_DOCUMENTATION_COMMENTS = YES;
				CLANG_WARN_EMPTY_BODY = YES;
				CLANG_WARN_ENUM_CONVERSION = YES;
				CLANG_WARN_INFINITE_RECURSION = YES;
				CLANG_WARN_INT_CONVERSION = YES;
				CLANG_WARN_NON_LITERAL_NULL_CONVERSION = YES;
				CLANG_WARN_OBJC_IMPLICIT_RETAIN_SELF = YES;
				CLANG_WARN_OBJC_LITERAL_CONVERSION = YES;
				CLANG_WARN_OBJC_ROOT_CLASS = YES_ERROR;
				CLANG_WARN_QUOTED_INCLUDE_IN_FRAMEWORK_HEADER = YES;
				CLANG_WARN_RANGE_LOOP_ANALYSIS = YES;
				CLANG_WARN_STRICT_PROTOTYPES = YES;
				CLANG_WARN_SUSPICIOUS_MOVE = YES;
				CLANG_WARN_UNGUARDED_AVAILABILITY = YES_AGGRESSIVE;
				CLANG_WARN_UNREACHABLE_CODE = YES;
				CLANG_WARN__DUPLICATE_METHOD_MATCH = YES;
				COPY_PHASE_STRIP = NO;
				DEBUG_INFORMATION_FORMAT = dwarf;
				ENABLE_STRICT_OBJC_MSGSEND = YES;
				ENABLE_TESTABILITY = YES;
				GCC_C_LANGUAGE_STANDARD = gnu11;
				GCC_DYNAMIC_NO_PIC = NO;
				GCC_NO_COMMON_BLOCKS = YES;
				GCC_OPTIMIZATION_LEVEL = 0;
				GCC_PREPROCESSOR_DEFINITIONS = (
					"DEBUG=1",
					"$(inherited)",
				);
				GCC_WARN_64_TO_32_BIT_CONVERSION = YES;
				GCC_WARN_ABOUT_RETURN_TYPE = YES_ERROR;
				GCC_WARN_UNDECLARED_SELECTOR = YES;
				GCC_WARN_UNINITIALIZED_AUTOS = YES_AGGRESSIVE;
				GCC_WARN_UNUSED_FUNCTION = YES;
				GCC_WARN_UNUSED_VARIABLE = YES;
				MACOSX_DEPLOYMENT_TARGET = 12.3;
				MTL_ENABLE_DEBUG_INFO = INCLUDE_SOURCE;
				MTL_FAST_MATH = YES;
				ONLY_ACTIVE_ARCH = YES;
				SDKROOT = macosx;
			};
			name = Debug;
		};
		A05E19BD295880A40007B949 /* Release */ = {
			isa = XCBuildConfiguration;
			buildSettings = {
				ALWAYS_SEARCH_USER_PATHS = NO;
				CLANG_ANALYZER_NONNULL = YES;
				CLANG_ANALYZER_NUMBER_OBJECT_CONVERSION = YES_AGGRESSIVE;
				CLANG_CXX_LANGUAGE_STANDARD = "gnu++14";
				CLANG_CXX_LIBRARY = "libc++";
				CLANG_ENABLE_MODULES = YES;
				CLANG_ENABLE_OBJC_ARC = YES;
				CLANG_ENABLE_OBJC_WEAK = YES;
				CLANG_WARN_BLOCK_CAPTURE_AUTORELEASING = YES;
				CLANG_WARN_BOOL_CONVERSION = YES;
				CLANG_WARN_COMMA = YES;
				CLANG_WARN_CONSTANT_CONVERSION = YES;
				CLANG_WARN_DEPRECATED_OBJC_IMPLEMENTATIONS = YES;
				CLANG_WARN_DIRECT_OBJC_ISA_USAGE = YES_ERROR;
				CLANG_WARN_DOCUMENTATION_COMMENTS = YES;
				CLANG_WARN_EMPTY_BODY = YES;
				CLANG_WARN_ENUM_CONVERSION = YES;
				CLANG_WARN_INFINITE_RECURSION = YES;
				CLANG_WARN_INT_CONVERSION = YES;
				CLANG_WARN_NON_LITERAL_NULL_CONVERSION = YES;
				CLANG_WARN_OBJC_IMPLICIT_RETAIN_SELF = YES;
				CLANG_WARN_OBJC_LITERAL_CONVERSION = YES;
				CLANG_WARN_OBJC_ROOT_CLASS = YES_ERROR;
				CLANG_WARN_QUOTED_INCLUDE_IN_FRAMEWORK_HEADER = YES;
				CLANG_WARN_RANGE_LOOP_ANALYSIS = YES;
				CLANG_WARN_STRICT_PROTOTYPES = YES;
				CLANG_WARN_SUSPICIOUS_MOVE = YES;
				CLANG_WARN_UNGUARDED_AVAILABILITY = YES_AGGRESSIVE;
				CLANG_WARN_UNREACHABLE_CODE = YES;
				CLANG_WARN__DUPLICATE_METHOD_MATCH = YES;
				COPY_PHASE_STRIP = NO;
				DEBUG_INFORMATION_FORMAT = "dwarf-with-dsym";
				ENABLE_NS_ASSERTIONS = NO;
				ENABLE_STRICT_OBJC_MSGSEND = YES;
				GCC_C_LANGUAGE_STANDARD = gnu11;
				GCC_NO_COMMON_BLOCKS = YES;
				GCC_WARN_64_TO_32_BIT_CONVERSION = YES;
				GCC_WARN_ABOUT_RETURN_TYPE = YES_ERROR;
				GCC_WARN_UNDECLARED_SELECTOR = YES;
				GCC_WARN_UNINITIALIZED_AUTOS = YES_AGGRESSIVE;
				GCC_WARN_UNUSED_FUNCTION = YES;
				GCC_WARN_UNUSED_VARIABLE = YES;
				MACOSX_DEPLOYMENT_TARGET = 12.3;
				MTL_ENABLE_DEBUG_INFO = NO;
				MTL_FAST_MATH = YES;
				SDKROOT = macosx;
			};
			name = Release;
		};
		A05E19BF295880A40007B949 /* Debug */ = {
			isa = XCBuildConfiguration;
			buildSettings = {
				CODE_SIGN_STYLE = Automatic;
				DEVELOPMENT_TEAM = 92PJT7J9M9;
				ENABLE_HARDENED_RUNTIME = YES;
				PRODUCT_NAME = "$(TARGET_NAME)";
			};
			name = Debug;
		};
		A05E19C0295880A40007B949 /* Release */ = {
			isa = XCBuildConfiguration;
			buildSettings = {
				CODE_SIGN_STYLE = Automatic;
				DEVELOPMENT_TEAM = 92PJT7J9M9;
				ENABLE_HARDENED_RUNTIME = YES;
				PRODUCT_NAME = "$(TARGET_NAME)";
			};
			name = Release;
		};
/* End XCBuildConfiguration section */

/* Begin XCConfigurationList section */
		66B64D23297ABF4400AE6184 /* Build configuration list for PBXNativeTarget "time_test" */ = {
			isa = XCConfigurationList;
			buildConfigurations = (
				66B64D24297ABF4400AE6184 /* Debug */,
				66B64D25297ABF4400AE6184 /* Release */,
			);
			defaultConfigurationIsVisible = 0;
			defaultConfigurationName = Release;
		};
		66D2BA22297803EA0058367F /* Build configuration list for PBXNativeTarget "vector_test" */ = {
			isa = XCConfigurationList;
			buildConfigurations = (
				66D2BA23297803EA0058367F /* Debug */,
				66D2BA24297803EA0058367F /* Release */,
			);
			defaultConfigurationIsVisible = 0;
			defaultConfigurationName = Release;
		};
		A05E19B2295880A40007B949 /* Build configuration list for PBXProject "ft_containers" */ = {
			isa = XCConfigurationList;
			buildConfigurations = (
				A05E19BC295880A40007B949 /* Debug */,
				A05E19BD295880A40007B949 /* Release */,
			);
			defaultConfigurationIsVisible = 0;
			defaultConfigurationName = Release;
		};
		A05E19BE295880A40007B949 /* Build configuration list for PBXNativeTarget "ft_containers" */ = {
			isa = XCConfigurationList;
			buildConfigurations = (
				A05E19BF295880A40007B949 /* Debug */,
				A05E19C0295880A40007B949 /* Release */,
			);
			defaultConfigurationIsVisible = 0;
			defaultConfigurationName = Release;
		};
/* End XCConfigurationList section */
	};
	rootObject = A05E19AF295880A40007B949 /* Project object */;
}
